
Microsoft Visual Studio Solution File, Format Version 12.00
# Visual Studio 15
VisualStudioVersion = 15.0.28307.902
MinimumVisualStudioVersion = 10.0.40219.1
Project("{FAE04EC0-301F-11D3-BF4B-00C04F79EFBC}") = "APP ATM Transaction", "APP ATM Transaction\APP ATM Transaction.csproj", "{2370ED15-2740-4DA0-BB97-0B580F623BBF}"
EndProject
Global
	GlobalSection(SolutionConfigurationPlatforms) = preSolution
		Debug|Any CPU = Debug|Any CPU
		Release|Any CPU = Release|Any CPU
	EndGlobalSection
	GlobalSection(ProjectConfigurationPlatforms) = postSolution
		{2370ED15-2740-4DA0-BB97-0B580F623BBF}.Debug|Any CPU.ActiveCfg = Debug|Any CPU
		{2370ED15-2740-4DA0-BB97-0B580F623BBF}.Debug|Any CPU.Build.0 = Debug|Any CPU
		{2370ED15-2740-4DA0-BB97-0B580F623BBF}.Release|Any CPU.ActiveCfg = Release|Any CPU
		{2370ED15-2740-4DA0-BB97-0B580F623BBF}.Release|Any CPU.Build.0 = Release|Any CPU
	EndGlobalSection
	GlobalSection(SolutionProperties) = preSolution
		HideSolutionNode = FALSE
	EndGlobalSection
	GlobalSection(ExtensibilityGlobals) = postSolution
		SolutionGuid = {36BB10BC-B47F-434E-ABDF-82282F969A80}
	EndGlobalSection
EndGlobal
